{
  "name": "graphql-compression-loader",
  "version": "0.1.0",
  "lockfileVersion": 1,
  "requires": true,
  "dependencies": {
    "graphql-query-compress": {
      "version": "1.2.4",
      "resolved": "https://registry.npmjs.org/graphql-query-compress/-/graphql-query-compress-1.2.4.tgz",
      "integrity": "sha512-W5SMy8/2RAsC9uMOV9VTwnUkp+8N3BZz6qef6jRCIxOVrVxRBiX2btvpaKrEnPU4nchnc1bCfmMDkEtCRzJUiw==",
      "requires": {
        "tokenizr": "1.5.7"
      }
    },
    "tokenizr": {
      "version": "1.5.7",
      "resolved": "https://registry.npmjs.org/tokenizr/-/tokenizr-1.5.7.tgz",
      "integrity": "sha512-w6qS6F5PNtY30DxoRD4a7nC7zOlPM2SlpQ4zLhOmqBaB1VCZrlV82bLpc/lKNOdNmrwIwcsJLDcjEJ8f7UG6Mg=="
    }
  }
}
